{
  "nodes": {
    "itok": {
      "inputs": {
        "hk": [
          "microlith",
          "nix-hk"
        ],
        "microlith": "microlith_2",
        "nixpkgs": [
          "microlith",
          "itok",
          "nixpkgs-lock",
          "nixpkgs"
        ],
        "nixpkgs-lock": [
          "microlith",
          "nixpkgs-lock"
        ]
      },
      "locked": {
        "lastModified": 1788092230,
        "narHash": "sha256-bKaQ5Ejf3X5ObtxiwDIDHpCbZCkjQ9Ttdr7H1cTkIxs=",
        "owner": "pr0d1r2",
        "repo": "itok",
        "rev": "7bb0cc19947eaf45b97cd4d1787df91fddbdda90",
        "type": "github"
      },
      "original": {
        "owner": "pr0d1r2",
        "repo": "itok",
        "type": "github"
      }
    },
    "microlith": {
      "inputs": {
        "itok": "itok",
        "nix-hk": [
          "nix-hk"
        ],
        "nixpkgs": [
          "microlith",
          "nixpkgs-lock",
          "nixpkgs"
        ],
        "nixpkgs-lock": [
          "nixpkgs-lock"
        ]
      },
      "locked": {
        "lastModified": 1789925744,
        "narHash": "sha256-uNVVUqzh7Od5UzDhKu5X7R3Xeje/8vmk0zOGbu5SsQE=",
        "owner": "pr0d1r2",
        "repo": "microlith",
        "rev": "58a36c3bc90b76e1f561996b14cf3beaf9a40ed2",
        "type": "github"
      },
      "original": {
        "owner": "pr0d1r2",
        "ref": "v0.7.3",
        "repo": "microlith",
        "type": "github"
      }
    },
    "microlith_2": {
      "inputs": {
        "nix-hk": [
          "microlith",
          "itok",
          "hk"
        ],
        "nixpkgs": [
          "microlith",
          "itok",
          "microlith",
          "nixpkgs-lock",
          "nixpkgs"
        ],
        "nixpkgs-lock": [
          "microlith",
          "itok",
          "nixpkgs-lock"
        ]
      },
      "locked": {
        "lastModified": 1786709569,
        "narHash": "sha256-KLxL48Qug7X0R9F/bG0MpJTsn/kmQz17CXQN4saLsks=",
        "owner": "pr0d1r2",
        "repo": "microlith",
        "rev": "aa0380ac3b51b8d46bd536de28ea83452f01be90",
        "type": "github"
      },
      "original": {
        "owner": "pr0d1r2",
        "ref": "v0.6.1",
        "repo": "microlith",
        "type": "github"
      }
    },
    "nix-hk": {
      "inputs": {
        "nixpkgs": [
          "nix-hk",
          "nixpkgs-lock",
          "nixpkgs"
        ],
        "nixpkgs-lock": [
          "nixpkgs-lock"
        ]
      },
      "locked": {
        "lastModified": 1789817970,
        "narHash": "sha256-q/pSSRnGdouzdH8dtQUV2ZhMeNB/B9dNXlwS7U8HEts=",
        "owner": "pr0d1r2",
        "repo": "nix-hk",
        "rev": "a063d34d951e733086a63b6704dad12ac9934d3f",
        "type": "github"
      },
      "original": {
        "owner": "pr0d1r2",
        "repo": "nix-hk",
        "type": "github"
      }
    },
    "nixpkgs": {
      "locked": {
        "lastModified": 1790340521,
        "narHash": "sha256-cRrWlIjVRJ6BHDr9caUdXsZ3owzWIKYHpNmGPHBInIU=",
        "owner": "NixOS",
        "repo": "nixpkgs",
        "rev": "f5c082a40f7571c266e74e80ae2e68aadd8a9fc7",
        "type": "github"
      },
      "original": {
        "owner": "NixOS",
        "ref": "nixos-26.05",
        "repo": "nixpkgs",
        "type": "github"
      }
    },
    "nixpkgs-lock": {
      "inputs": {
        "nixpkgs": "nixpkgs"
      },
      "locked": {
        "lastModified": 1790404475,
        "narHash": "sha256-Lwryq5+mnJOUhgch5XmLiEGtADeSMqyPXOU5phHKyN8=",
        "owner": "pr0d1r2",
        "repo": "nixpkgs-lock",
        "rev": "2b6ba4e507488097ba678fadfe84bf9e10e7709b",
        "type": "github"
      },
      "original": {
        "owner": "pr0d1r2",
        "repo": "nixpkgs-lock",
        "type": "github"
      }
    },
    "root": {
      "inputs": {
        "itok": [
          "microlith",
          "itok"
        ],
        "microlith": "microlith",
        "nix-hk": "nix-hk",
        "nixpkgs": [
          "nixpkgs-lock",
          "nixpkgs"
        ],
        "nixpkgs-lock": "nixpkgs-lock",
        "sherd": "sherd"
      }
    },
    "sherd": {
      "inputs": {
        "nix-hk": [
          "nix-hk"
        ],
        "nixpkgs": [
          "sherd",
          "nixpkgs-lock",
          "nixpkgs"
        ],
        "nixpkgs-lock": [
          "nixpkgs-lock"
        ]
      },
      "locked": {
        "lastModified": 1790009200,
        "narHash": "sha256-7/jJBzDlzFEKntVNydCvAym8lEMIwj2CT3Gmnl04mmQ=",
        "owner": "pr0d1r2",
        "repo": "sherd",
        "rev": "3aea213095e1c35519f3d438c4f08c8d2b653f95",
        "type": "github"
      },
      "original": {
        "owner": "pr0d1r2",
        "ref": "v0.5.1",
        "repo": "sherd",
        "type": "github"
      }
    }
  },
  "root": "root",
  "version": 7
}
